// !$*UTF8*$!
{
	archiveVersion = 1;
	classes = {
	};
	objectVersion = 50;
	objects = {

/* Begin PBXBuildFile section */
		3300EF1E2190826B00838D3F /* HospedagemView.swift in Sources */ = {isa = PBXBuildFile; fileRef = 3300EF1D2190826B00838D3F /* HospedagemView.swift */; };
		3300EF212191BD1C00838D3F /* CellQuarto.swift in Sources */ = {isa = PBXBuildFile; fileRef = 3300EF202191BD1C00838D3F /* CellQuarto.swift */; };
		3300EF232191BD2900838D3F /* CellCrianca.swift in Sources */ = {isa = PBXBuildFile; fileRef = 3300EF222191BD2900838D3F /* CellCrianca.swift */; };
		3300EF252191BD5100838D3F /* CellCriancaIdade.swift in Sources */ = {isa = PBXBuildFile; fileRef = 3300EF242191BD5100838D3F /* CellCriancaIdade.swift */; };
		3300EF272191BD6800838D3F /* CellAdulto.swift in Sources */ = {isa = PBXBuildFile; fileRef = 3300EF262191BD6800838D3F /* CellAdulto.swift */; };
		3300EF292191C6FE00838D3F /* HospedagemViewModel.swift in Sources */ = {isa = PBXBuildFile; fileRef = 3300EF282191C6FE00838D3F /* HospedagemViewModel.swift */; };
		3300EF2B21930B5B00838D3F /* ViewCriancaIdade.swift in Sources */ = {isa = PBXBuildFile; fileRef = 3300EF2A21930B5B00838D3F /* ViewCriancaIdade.swift */; };
		336E894B218A598F00AF9441 /* JTAppleCalendar.framework in Frameworks */ = {isa = PBXBuildFile; fileRef = 336E894A218A598F00AF9441 /* JTAppleCalendar.framework */; };
		336E894C218A598F00AF9441 /* JTAppleCalendar.framework in Embed Frameworks */ = {isa = PBXBuildFile; fileRef = 336E894A218A598F00AF9441 /* JTAppleCalendar.framework */; settings = {ATTRIBUTES = (CodeSignOnCopy, RemoveHeadersOnCopy, ); }; };
		336E894F218A59CC00AF9441 /* CalendarioView.swift in Sources */ = {isa = PBXBuildFile; fileRef = 336E894E218A59CC00AF9441 /* CalendarioView.swift */; };
		336E8951218A59F800AF9441 /* Utils.swift in Sources */ = {isa = PBXBuildFile; fileRef = 336E8950218A59F800AF9441 /* Utils.swift */; };
		336E8953218B366100AF9441 /* CellDia.swift in Sources */ = {isa = PBXBuildFile; fileRef = 336E8952218B366100AF9441 /* CellDia.swift */; };
		336E8955218B39F700AF9441 /* DestinosView.swift in Sources */ = {isa = PBXBuildFile; fileRef = 336E8954218B39F700AF9441 /* DestinosView.swift */; };
		337122A621960B9A00203DFB /* json_hotel_2room.json in Resources */ = {isa = PBXBuildFile; fileRef = 337122A521960B9A00203DFB /* json_hotel_2room.json */; };
		337122AA21960F5900203DFB /* HoteisViewModel.swift in Sources */ = {isa = PBXBuildFile; fileRef = 337122A921960F5900203DFB /* HoteisViewModel.swift */; };
		337122AC2196111100203DFB /* Principal.swift in Sources */ = {isa = PBXBuildFile; fileRef = 337122AB2196111100203DFB /* Principal.swift */; };
		337122AE2196166700203DFB /* Room.swift in Sources */ = {isa = PBXBuildFile; fileRef = 337122AD2196166700203DFB /* Room.swift */; };
		337122B22199ACEC00203DFB /* HoteisViewCollection.swift in Sources */ = {isa = PBXBuildFile; fileRef = 337122B12199ACEC00203DFB /* HoteisViewCollection.swift */; };
		337122B42199AD5800203DFB /* CellHotelCollection.swift in Sources */ = {isa = PBXBuildFile; fileRef = 337122B32199AD5800203DFB /* CellHotelCollection.swift */; };
		337122B62199BA9300203DFB /* HotelView.swift in Sources */ = {isa = PBXBuildFile; fileRef = 337122B52199BA9300203DFB /* HotelView.swift */; };
		338C6A5C219352E0009D9734 /* Quarto.swift in Sources */ = {isa = PBXBuildFile; fileRef = 338C6A5B219352E0009D9734 /* Quarto.swift */; };
		338C6A6021935A39009D9734 /* Crianca.swift in Sources */ = {isa = PBXBuildFile; fileRef = 338C6A5F21935A39009D9734 /* Crianca.swift */; };
		338C6A6221946B5E009D9734 /* ClientAPI.swift in Sources */ = {isa = PBXBuildFile; fileRef = 338C6A6121946B5E009D9734 /* ClientAPI.swift */; };
		338C6A6421947028009D9734 /* HotelClient.swift in Sources */ = {isa = PBXBuildFile; fileRef = 338C6A6321947028009D9734 /* HotelClient.swift */; };
		33A6C25021A2DF3D00254328 /* CellQuartoHotel.swift in Sources */ = {isa = PBXBuildFile; fileRef = 33A6C24F21A2DF3D00254328 /* CellQuartoHotel.swift */; };
		33E1AE4A218B67250014ACE3 /* Hotel.swift in Sources */ = {isa = PBXBuildFile; fileRef = 33E1AE49218B67250014ACE3 /* Hotel.swift */; };
		33E1AE4C218B7A080014ACE3 /* DestinosViewModel.swift in Sources */ = {isa = PBXBuildFile; fileRef = 33E1AE4B218B7A080014ACE3 /* DestinosViewModel.swift */; };
		33E1AE4E218B7E5D0014ACE3 /* Dynamic.swift in Sources */ = {isa = PBXBuildFile; fileRef = 33E1AE4D218B7E5D0014ACE3 /* Dynamic.swift */; };
		33E767C0219B51A6001B6643 /* FSPagerView.framework in Frameworks */ = {isa = PBXBuildFile; fileRef = 33E767BE219B51A1001B6643 /* FSPagerView.framework */; };
		33E767C1219B51A6001B6643 /* FSPagerView.framework in Embed Frameworks */ = {isa = PBXBuildFile; fileRef = 33E767BE219B51A1001B6643 /* FSPagerView.framework */; settings = {ATTRIBUTES = (CodeSignOnCopy, RemoveHeadersOnCopy, ); }; };
		33E767C3219B5801001B6643 /* FSHotelView.swift in Sources */ = {isa = PBXBuildFile; fileRef = 33E767C2219B5801001B6643 /* FSHotelView.swift */; };
		33E767C9219CB7B5001B6643 /* CellFotoHotel.swift in Sources */ = {isa = PBXBuildFile; fileRef = 33E767C8219CB7B5001B6643 /* CellFotoHotel.swift */; };
		33E767CB219CBCF9001B6643 /* HotelViewTable.swift in Sources */ = {isa = PBXBuildFile; fileRef = 33E767CA219CBCF9001B6643 /* HotelViewTable.swift */; };
		33FD0000218A389A00419FB3 /* Main.storyboard in Resources */ = {isa = PBXBuildFile; fileRef = 33FDFFFE218A389A00419FB3 /* Main.storyboard */; };
		33FD0002218A389D00419FB3 /* Assets.xcassets in Resources */ = {isa = PBXBuildFile; fileRef = 33FD0001218A389D00419FB3 /* Assets.xcassets */; };
		33FD0005218A389D00419FB3 /* LaunchScreen.storyboard in Resources */ = {isa = PBXBuildFile; fileRef = 33FD0003218A389D00419FB3 /* LaunchScreen.storyboard */; };
		33FDFFFB218A389A00419FB3 /* AppDelegate.swift in Sources */ = {isa = PBXBuildFile; fileRef = 33FDFFFA218A389A00419FB3 /* AppDelegate.swift */; };
		33FDFFFD218A389A00419FB3 /* BuscarHotelView.swift in Sources */ = {isa = PBXBuildFile; fileRef = 33FDFFFC218A389A00419FB3 /* BuscarHotelView.swift */; };
/* End PBXBuildFile section */

/* Begin PBXCopyFilesBuildPhase section */
		336E894D218A598F00AF9441 /* Embed Frameworks */ = {
			isa = PBXCopyFilesBuildPhase;
			buildActionMask = 2147483647;
			dstPath = "";
			dstSubfolderSpec = 10;
			files = (
				33E767C1219B51A6001B6643 /* FSPagerView.framework in Embed Frameworks */,
				336E894C218A598F00AF9441 /* JTAppleCalendar.framework in Embed Frameworks */,
			);
			name = "Embed Frameworks";
			runOnlyForDeploymentPostprocessing = 0;
		};
/* End PBXCopyFilesBuildPhase section */

/* Begin PBXFileReference section */
		3300EF1D2190826B00838D3F /* HospedagemView.swift */ = {isa = PBXFileReference; lastKnownFileType = sourcecode.swift; path = HospedagemView.swift; sourceTree = "<group>"; };
		3300EF202191BD1C00838D3F /* CellQuarto.swift */ = {isa = PBXFileReference; lastKnownFileType = sourcecode.swift; path = CellQuarto.swift; sourceTree = "<group>"; };
		3300EF222191BD2900838D3F /* CellCrianca.swift */ = {isa = PBXFileReference; lastKnownFileType = sourcecode.swift; path = CellCrianca.swift; sourceTree = "<group>"; };
		3300EF242191BD5100838D3F /* CellCriancaIdade.swift */ = {isa = PBXFileReference; lastKnownFileType = sourcecode.swift; path = CellCriancaIdade.swift; sourceTree = "<group>"; };
		3300EF262191BD6800838D3F /* CellAdulto.swift */ = {isa = PBXFileReference; lastKnownFileType = sourcecode.swift; path = CellAdulto.swift; sourceTree = "<group>"; };
		3300EF282191C6FE00838D3F /* HospedagemViewModel.swift */ = {isa = PBXFileReference; lastKnownFileType = sourcecode.swift; path = HospedagemViewModel.swift; sourceTree = "<group>"; };
		3300EF2A21930B5B00838D3F /* ViewCriancaIdade.swift */ = {isa = PBXFileReference; lastKnownFileType = sourcecode.swift; path = ViewCriancaIdade.swift; sourceTree = "<group>"; };
		336E894A218A598F00AF9441 /* JTAppleCalendar.framework */ = {isa = PBXFileReference; lastKnownFileType = wrapper.framework; name = JTAppleCalendar.framework; path = Carthage/Build/iOS/JTAppleCalendar.framework; sourceTree = "<group>"; };
		336E894E218A59CC00AF9441 /* CalendarioView.swift */ = {isa = PBXFileReference; lastKnownFileType = sourcecode.swift; path = CalendarioView.swift; sourceTree = "<group>"; };
		336E8950218A59F800AF9441 /* Utils.swift */ = {isa = PBXFileReference; lastKnownFileType = sourcecode.swift; path = Utils.swift; sourceTree = "<group>"; };
		336E8952218B366100AF9441 /* CellDia.swift */ = {isa = PBXFileReference; lastKnownFileType = sourcecode.swift; path = CellDia.swift; sourceTree = "<group>"; };
		336E8954218B39F700AF9441 /* DestinosView.swift */ = {isa = PBXFileReference; lastKnownFileType = sourcecode.swift; path = DestinosView.swift; sourceTree = "<group>"; };
		337122A521960B9A00203DFB /* json_hotel_2room.json */ = {isa = PBXFileReference; fileEncoding = 4; lastKnownFileType = text.json; path = json_hotel_2room.json; sourceTree = "<group>"; };
		337122A921960F5900203DFB /* HoteisViewModel.swift */ = {isa = PBXFileReference; lastKnownFileType = sourcecode.swift; path = HoteisViewModel.swift; sourceTree = "<group>"; };
		337122AB2196111100203DFB /* Principal.swift */ = {isa = PBXFileReference; lastKnownFileType = sourcecode.swift; path = Principal.swift; sourceTree = "<group>"; };
		337122AD2196166700203DFB /* Room.swift */ = {isa = PBXFileReference; lastKnownFileType = sourcecode.swift; path = Room.swift; sourceTree = "<group>"; };
		337122B12199ACEC00203DFB /* HoteisViewCollection.swift */ = {isa = PBXFileReference; lastKnownFileType = sourcecode.swift; path = HoteisViewCollection.swift; sourceTree = "<group>"; };
		337122B32199AD5800203DFB /* CellHotelCollection.swift */ = {isa = PBXFileReference; lastKnownFileType = sourcecode.swift; path = CellHotelCollection.swift; sourceTree = "<group>"; };
		337122B52199BA9300203DFB /* HotelView.swift */ = {isa = PBXFileReference; lastKnownFileType = sourcecode.swift; name = HotelView.swift; path = Hotel/Views/HotelView.swift; sourceTree = SOURCE_ROOT; };
		338C6A5B219352E0009D9734 /* Quarto.swift */ = {isa = PBXFileReference; lastKnownFileType = sourcecode.swift; path = Quarto.swift; sourceTree = "<group>"; };
		338C6A5F21935A39009D9734 /* Crianca.swift */ = {isa = PBXFileReference; lastKnownFileType = sourcecode.swift; path = Crianca.swift; sourceTree = "<group>"; };
		338C6A6121946B5E009D9734 /* ClientAPI.swift */ = {isa = PBXFileReference; lastKnownFileType = sourcecode.swift; path = ClientAPI.swift; sourceTree = "<group>"; };
		338C6A6321947028009D9734 /* HotelClient.swift */ = {isa = PBXFileReference; lastKnownFileType = sourcecode.swift; path = HotelClient.swift; sourceTree = "<group>"; };
		33A6C24F21A2DF3D00254328 /* CellQuartoHotel.swift */ = {isa = PBXFileReference; lastKnownFileType = sourcecode.swift; path = CellQuartoHotel.swift; sourceTree = "<group>"; };
		33E1AE49218B67250014ACE3 /* Hotel.swift */ = {isa = PBXFileReference; lastKnownFileType = sourcecode.swift; path = Hotel.swift; sourceTree = "<group>"; };
		33E1AE4B218B7A080014ACE3 /* DestinosViewModel.swift */ = {isa = PBXFileReference; lastKnownFileType = sourcecode.swift; path = DestinosViewModel.swift; sourceTree = "<group>"; };
		33E1AE4D218B7E5D0014ACE3 /* Dynamic.swift */ = {isa = PBXFileReference; lastKnownFileType = sourcecode.swift; path = Dynamic.swift; sourceTree = "<group>"; };
		33E767BE219B51A1001B6643 /* FSPagerView.framework */ = {isa = PBXFileReference; lastKnownFileType = wrapper.framework; name = FSPagerView.framework; path = Carthage/Build/iOS/FSPagerView.framework; sourceTree = "<group>"; };
		33E767C2219B5801001B6643 /* FSHotelView.swift */ = {isa = PBXFileReference; lastKnownFileType = sourcecode.swift; path = FSHotelView.swift; sourceTree = "<group>"; };
		33E767C8219CB7B5001B6643 /* CellFotoHotel.swift */ = {isa = PBXFileReference; lastKnownFileType = sourcecode.swift; path = CellFotoHotel.swift; sourceTree = "<group>"; };
		33E767CA219CBCF9001B6643 /* HotelViewTable.swift */ = {isa = PBXFileReference; lastKnownFileType = sourcecode.swift; path = HotelViewTable.swift; sourceTree = "<group>"; };
		33FD0001218A389D00419FB3 /* Assets.xcassets */ = {isa = PBXFileReference; lastKnownFileType = folder.assetcatalog; path = Assets.xcassets; sourceTree = "<group>"; };
		33FD0004218A389D00419FB3 /* Base */ = {isa = PBXFileReference; lastKnownFileType = file.storyboard; name = Base; path = Base.lproj/LaunchScreen.storyboard; sourceTree = "<group>"; };
		33FD0006218A389D00419FB3 /* Info.plist */ = {isa = PBXFileReference; lastKnownFileType = text.plist.xml; path = Info.plist; sourceTree = "<group>"; };
		33FDFFF7218A389A00419FB3 /* Hotel.app */ = {isa = PBXFileReference; explicitFileType = wrapper.application; includeInIndex = 0; path = Hotel.app; sourceTree = BUILT_PRODUCTS_DIR; };
		33FDFFFA218A389A00419FB3 /* AppDelegate.swift */ = {isa = PBXFileReference; lastKnownFileType = sourcecode.swift; path = AppDelegate.swift; sourceTree = "<group>"; };
		33FDFFFC218A389A00419FB3 /* BuscarHotelView.swift */ = {isa = PBXFileReference; lastKnownFileType = sourcecode.swift; path = BuscarHotelView.swift; sourceTree = "<group>"; };
		33FDFFFF218A389A00419FB3 /* Base */ = {isa = PBXFileReference; lastKnownFileType = file.storyboard; name = Base; path = Base.lproj/Main.storyboard; sourceTree = "<group>"; };
/* End PBXFileReference section */

/* Begin PBXFrameworksBuildPhase section */
		33FDFFF4218A389A00419FB3 /* Frameworks */ = {
			isa = PBXFrameworksBuildPhase;
			buildActionMask = 2147483647;
			files = (
				336E894B218A598F00AF9441 /* JTAppleCalendar.framework in Frameworks */,
				33E767C0219B51A6001B6643 /* FSPagerView.framework in Frameworks */,
			);
			runOnlyForDeploymentPostprocessing = 0;
		};
/* End PBXFrameworksBuildPhase section */

/* Begin PBXGroup section */
		3300EF1F2191BD0000838D3F /* Cells */ = {
			isa = PBXGroup;
			children = (
				33E767C7219CB5A1001B6643 /* Quarto */,
				33E767C6219CB591001B6643 /* Hotel */,
				33E767C5219CB571001B6643 /* Calendario */,
				33E767C4219CB55A001B6643 /* Hospedagem */,
			);
			path = Cells;
			sourceTree = "<group>";
		};
		337122A32194C98E00203DFB /* StoryBoards */ = {
			isa = PBXGroup;
			children = (
				33FDFFFE218A389A00419FB3 /* Main.storyboard */,
				33FD0003218A389D00419FB3 /* LaunchScreen.storyboard */,
			);
			path = StoryBoards;
			sourceTree = "<group>";
		};
		337122A421960B7F00203DFB /* Files */ = {
			isa = PBXGroup;
			children = (
				337122A521960B9A00203DFB /* json_hotel_2room.json */,
			);
			path = Files;
			sourceTree = "<group>";
		};
		338C6A652194702E009D9734 /* Clients */ = {
			isa = PBXGroup;
			children = (
				338C6A6321947028009D9734 /* HotelClient.swift */,
			);
			path = Clients;
			sourceTree = "<group>";
		};
		338C6A6621947062009D9734 /* Service */ = {
			isa = PBXGroup;
			children = (
				338C6A6121946B5E009D9734 /* ClientAPI.swift */,
			);
			path = Service;
			sourceTree = "<group>";
		};
		33E1AE43218B63EF0014ACE3 /* Views */ = {
			isa = PBXGroup;
			children = (
				337122A32194C98E00203DFB /* StoryBoards */,
				3300EF1F2191BD0000838D3F /* Cells */,
				33FDFFFC218A389A00419FB3 /* BuscarHotelView.swift */,
				336E8954218B39F700AF9441 /* DestinosView.swift */,
				336E894E218A59CC00AF9441 /* CalendarioView.swift */,
				3300EF1D2190826B00838D3F /* HospedagemView.swift */,
				3300EF2A21930B5B00838D3F /* ViewCriancaIdade.swift */,
				337122B12199ACEC00203DFB /* HoteisViewCollection.swift */,
				337122B52199BA9300203DFB /* HotelView.swift */,
				33E767CA219CBCF9001B6643 /* HotelViewTable.swift */,
			);
			path = Views;
			sourceTree = "<group>";
		};
		33E1AE44218B63F50014ACE3 /* Models */ = {
			isa = PBXGroup;
			children = (
				337122AB2196111100203DFB /* Principal.swift */,
				33E1AE49218B67250014ACE3 /* Hotel.swift */,
				337122AD2196166700203DFB /* Room.swift */,
				338C6A5B219352E0009D9734 /* Quarto.swift */,
				338C6A5F21935A39009D9734 /* Crianca.swift */,
			);
			path = Models;
			sourceTree = "<group>";
		};
		33E1AE45218B63FB0014ACE3 /* ViewModels */ = {
			isa = PBXGroup;
			children = (
				33E1AE4B218B7A080014ACE3 /* DestinosViewModel.swift */,
				3300EF282191C6FE00838D3F /* HospedagemViewModel.swift */,
				337122A921960F5900203DFB /* HoteisViewModel.swift */,
			);
			path = ViewModels;
			sourceTree = "<group>";
		};
		33E1AE46218B64180014ACE3 /* Helpers */ = {
			isa = PBXGroup;
			children = (
				336E8950218A59F800AF9441 /* Utils.swift */,
				33E1AE4D218B7E5D0014ACE3 /* Dynamic.swift */,
			);
			path = Helpers;
			sourceTree = "<group>";
		};
		33E767BD219B51A0001B6643 /* Frameworks */ = {
			isa = PBXGroup;
			children = (
				33E767BE219B51A1001B6643 /* FSPagerView.framework */,
			);
			name = Frameworks;
			sourceTree = "<group>";
		};
		33E767C4219CB55A001B6643 /* Hospedagem */ = {
			isa = PBXGroup;
			children = (
				3300EF202191BD1C00838D3F /* CellQuarto.swift */,
				3300EF262191BD6800838D3F /* CellAdulto.swift */,
				3300EF222191BD2900838D3F /* CellCrianca.swift */,
				3300EF242191BD5100838D3F /* CellCriancaIdade.swift */,
			);
			path = Hospedagem;
			sourceTree = "<group>";
		};
		33E767C5219CB571001B6643 /* Calendario */ = {
			isa = PBXGroup;
			children = (
				336E8952218B366100AF9441 /* CellDia.swift */,
			);
			path = Calendario;
			sourceTree = "<group>";
		};
		33E767C6219CB591001B6643 /* Hotel */ = {
			isa = PBXGroup;
			children = (
				337122B32199AD5800203DFB /* CellHotelCollection.swift */,
				33E767C2219B5801001B6643 /* FSHotelView.swift */,
				33E767C8219CB7B5001B6643 /* CellFotoHotel.swift */,
			);
			path = Hotel;
			sourceTree = "<group>";
		};
		33E767C7219CB5A1001B6643 /* Quarto */ = {
			isa = PBXGroup;
			children = (
				33A6C24F21A2DF3D00254328 /* CellQuartoHotel.swift */,
			);
			path = Quarto;
			sourceTree = "<group>";
		};
		33FDFFEE218A389A00419FB3 = {
			isa = PBXGroup;
			children = (
				336E894A218A598F00AF9441 /* JTAppleCalendar.framework */,
				33FDFFF9218A389A00419FB3 /* Hotel */,
				33FDFFF8218A389A00419FB3 /* Products */,
				33E767BD219B51A0001B6643 /* Frameworks */,
			);
			sourceTree = "<group>";
		};
		33FDFFF8218A389A00419FB3 /* Products */ = {
			isa = PBXGroup;
			children = (
				33FDFFF7218A389A00419FB3 /* Hotel.app */,
			);
			name = Products;
			sourceTree = "<group>";
		};
		33FDFFF9218A389A00419FB3 /* Hotel */ = {
			isa = PBXGroup;
			children = (
				337122A421960B7F00203DFB /* Files */,
				338C6A6621947062009D9734 /* Service */,
				338C6A652194702E009D9734 /* Clients */,
				33E1AE46218B64180014ACE3 /* Helpers */,
				33E1AE43218B63EF0014ACE3 /* Views */,
				33E1AE45218B63FB0014ACE3 /* ViewModels */,
				33E1AE44218B63F50014ACE3 /* Models */,
				33FDFFFA218A389A00419FB3 /* AppDelegate.swift */,
				33FD0001218A389D00419FB3 /* Assets.xcassets */,
				33FD0006218A389D00419FB3 /* Info.plist */,
			);
			path = Hotel;
			sourceTree = "<group>";
		};
/* End PBXGroup section */

/* Begin PBXNativeTarget section */
		33FDFFF6218A389A00419FB3 /* Hotel */ = {
			isa = PBXNativeTarget;
			buildConfigurationList = 33FD0009218A389D00419FB3 /* Build configuration list for PBXNativeTarget "Hotel" */;
			buildPhases = (
				33FDFFF3218A389A00419FB3 /* Sources */,
				33FDFFF4218A389A00419FB3 /* Frameworks */,
				33FDFFF5218A389A00419FB3 /* Resources */,
				336E894D218A598F00AF9441 /* Embed Frameworks */,
			);
			buildRules = (
			);
			dependencies = (
			);
			name = Hotel;
			productName = Hotel;
			productReference = 33FDFFF7218A389A00419FB3 /* Hotel.app */;
			productType = "com.apple.product-type.application";
		};
/* End PBXNativeTarget section */

/* Begin PBXProject section */
		33FDFFEF218A389A00419FB3 /* Project object */ = {
			isa = PBXProject;
			attributes = {
				LastSwiftUpdateCheck = 1010;
				LastUpgradeCheck = 1010;
				ORGANIZATIONNAME = "WOOBA-MAC1";
				TargetAttributes = {
					33FDFFF6218A389A00419FB3 = {
						CreatedOnToolsVersion = 10.1;
					};
				};
			};
			buildConfigurationList = 33FDFFF2218A389A00419FB3 /* Build configuration list for PBXProject "Hotel" */;
			compatibilityVersion = "Xcode 9.3";
			developmentRegion = en;
			hasScannedForEncodings = 0;
			knownRegions = (
				en,
				Base,
			);
			mainGroup = 33FDFFEE218A389A00419FB3;
			productRefGroup = 33FDFFF8218A389A00419FB3 /* Products */;
			projectDirPath = "";
			projectRoot = "";
			targets = (
				33FDFFF6218A389A00419FB3 /* Hotel */,
			);
		};
/* End PBXProject section */

/* Begin PBXResourcesBuildPhase section */
		33FDFFF5218A389A00419FB3 /* Resources */ = {
			isa = PBXResourcesBuildPhase;
			buildActionMask = 2147483647;
			files = (
				337122A621960B9A00203DFB /* json_hotel_2room.json in Resources */,
				33FD0005218A389D00419FB3 /* LaunchScreen.storyboard in Resources */,
				33FD0002218A389D00419FB3 /* Assets.xcassets in Resources */,
				33FD0000218A389A00419FB3 /* Main.storyboard in Resources */,
			);
			runOnlyForDeploymentPostprocessing = 0;
		};
/* End PBXResourcesBuildPhase section */

/* Begin PBXSourcesBuildPhase section */
		33FDFFF3218A389A00419FB3 /* Sources */ = {
			isa = PBXSourcesBuildPhase;
			buildActionMask = 2147483647;
			files = (
				336E894F218A59CC00AF9441 /* CalendarioView.swift in Sources */,
				33E767C3219B5801001B6643 /* FSHotelView.swift in Sources */,
				3300EF252191BD5100838D3F /* CellCriancaIdade.swift in Sources */,
				337122AE2196166700203DFB /* Room.swift in Sources */,
				337122AC2196111100203DFB /* Principal.swift in Sources */,
				3300EF1E2190826B00838D3F /* HospedagemView.swift in Sources */,
				338C6A6221946B5E009D9734 /* ClientAPI.swift in Sources */,
				33E1AE4E218B7E5D0014ACE3 /* Dynamic.swift in Sources */,
				338C6A6021935A39009D9734 /* Crianca.swift in Sources */,
				3300EF212191BD1C00838D3F /* CellQuarto.swift in Sources */,
				33E1AE4A218B67250014ACE3 /* Hotel.swift in Sources */,
				33FDFFFD218A389A00419FB3 /* BuscarHotelView.swift in Sources */,
				3300EF2B21930B5B00838D3F /* ViewCriancaIdade.swift in Sources */,
				337122B22199ACEC00203DFB /* HoteisViewCollection.swift in Sources */,
				33E767C9219CB7B5001B6643 /* CellFotoHotel.swift in Sources */,
				338C6A5C219352E0009D9734 /* Quarto.swift in Sources */,
				3300EF292191C6FE00838D3F /* HospedagemViewModel.swift in Sources */,
				336E8953218B366100AF9441 /* CellDia.swift in Sources */,
				33A6C25021A2DF3D00254328 /* CellQuartoHotel.swift in Sources */,
				337122B42199AD5800203DFB /* CellHotelCollection.swift in Sources */,
				33E767CB219CBCF9001B6643 /* HotelViewTable.swift in Sources */,
				337122AA21960F5900203DFB /* HoteisViewModel.swift in Sources */,
				336E8955218B39F700AF9441 /* DestinosView.swift in Sources */,
				3300EF272191BD6800838D3F /* CellAdulto.swift in Sources */,
				33FDFFFB218A389A00419FB3 /* AppDelegate.swift in Sources */,
				336E8951218A59F800AF9441 /* Utils.swift in Sources */,
				3300EF232191BD2900838D3F /* CellCrianca.swift in Sources */,
				337122B62199BA9300203DFB /* HotelView.swift in Sources */,
				338C6A6421947028009D9734 /* HotelClient.swift in Sources */,
				33E1AE4C218B7A080014ACE3 /* DestinosViewModel.swift in Sources */,
			);
			runOnlyForDeploymentPostprocessing = 0;
		};
/* End PBXSourcesBuildPhase section */

/* Begin PBXVariantGroup section */
		33FD0003218A389D00419FB3 /* LaunchScreen.storyboard */ = {
			isa = PBXVariantGroup;
			children = (
				33FD0004218A389D00419FB3 /* Base */,
			);
			name = LaunchScreen.storyboard;
			sourceTree = "<group>";
		};
		33FDFFFE218A389A00419FB3 /* Main.storyboard */ = {
			isa = PBXVariantGroup;
			children = (
				33FDFFFF218A389A00419FB3 /* Base */,
			);
			name = Main.storyboard;
			sourceTree = "<group>";
		};
/* End PBXVariantGroup section */

/* Begin XCBuildConfiguration section */
		33FD0007218A389D00419FB3 /* Debug */ = {
			isa = XCBuildConfiguration;
			buildSettings = {
				ALWAYS_SEARCH_USER_PATHS = NO;
				CLANG_ANALYZER_NONNULL = YES;
				CLANG_ANALYZER_NUMBER_OBJECT_CONVERSION = YES_AGGRESSIVE;
				CLANG_CXX_LANGUAGE_STANDARD = "gnu++14";
				CLANG_CXX_LIBRARY = "libc++";
				CLANG_ENABLE_MODULES = YES;
				CLANG_ENABLE_OBJC_ARC = YES;
				CLANG_ENABLE_OBJC_WEAK = YES;
				CLANG_WARN_BLOCK_CAPTURE_AUTORELEASING = YES;
				CLANG_WARN_BOOL_CONVERSION = YES;
				CLANG_WARN_COMMA = YES;
				CLANG_WARN_CONSTANT_CONVERSION = YES;
				CLANG_WARN_DEPRECATED_OBJC_IMPLEMENTATIONS = YES;
				CLANG_WARN_DIRECT_OBJC_ISA_USAGE = YES_ERROR;
				CLANG_WARN_DOCUMENTATION_COMMENTS = YES;
				CLANG_WARN_EMPTY_BODY = YES;
				CLANG_WARN_ENUM_CONVERSION = YES;
				CLANG_WARN_INFINITE_RECURSION = YES;
				CLANG_WARN_INT_CONVERSION = YES;
				CLANG_WARN_NON_LITERAL_NULL_CONVERSION = YES;
				CLANG_WARN_OBJC_IMPLICIT_RETAIN_SELF = YES;
				CLANG_WARN_OBJC_LITERAL_CONVERSION = YES;
				CLANG_WARN_OBJC_ROOT_CLASS = YES_ERROR;
				CLANG_WARN_RANGE_LOOP_ANALYSIS = YES;
				CLANG_WARN_STRICT_PROTOTYPES = YES;
				CLANG_WARN_SUSPICIOUS_MOVE = YES;
				CLANG_WARN_UNGUARDED_AVAILABILITY = YES_AGGRESSIVE;
				CLANG_WARN_UNREACHABLE_CODE = YES;
				CLANG_WARN__DUPLICATE_METHOD_MATCH = YES;
				CODE_SIGN_IDENTITY = "iPhone Developer";
				COPY_PHASE_STRIP = NO;
				DEBUG_INFORMATION_FORMAT = dwarf;
				ENABLE_STRICT_OBJC_MSGSEND = YES;
				ENABLE_TESTABILITY = YES;
				GCC_C_LANGUAGE_STANDARD = gnu11;
				GCC_DYNAMIC_NO_PIC = NO;
				GCC_NO_COMMON_BLOCKS = YES;
				GCC_OPTIMIZATION_LEVEL = 0;
				GCC_PREPROCESSOR_DEFINITIONS = (
					"DEBUG=1",
					"$(inherited)",
				);
				GCC_WARN_64_TO_32_BIT_CONVERSION = YES;
				GCC_WARN_ABOUT_RETURN_TYPE = YES_ERROR;
				GCC_WARN_UNDECLARED_SELECTOR = YES;
				GCC_WARN_UNINITIALIZED_AUTOS = YES_AGGRESSIVE;
				GCC_WARN_UNUSED_FUNCTION = YES;
				GCC_WARN_UNUSED_VARIABLE = YES;
				IPHONEOS_DEPLOYMENT_TARGET = 12.1;
				MTL_ENABLE_DEBUG_INFO = INCLUDE_SOURCE;
				MTL_FAST_MATH = YES;
				ONLY_ACTIVE_ARCH = YES;
				SDKROOT = iphoneos;
				SWIFT_ACTIVE_COMPILATION_CONDITIONS = DEBUG;
				SWIFT_OPTIMIZATION_LEVEL = "-Onone";
			};
			name = Debug;
		};
		33FD0008218A389D00419FB3 /* Release */ = {
			isa = XCBuildConfiguration;
			buildSettings = {
				ALWAYS_SEARCH_USER_PATHS = NO;
				CLANG_ANALYZER_NONNULL = YES;
				CLANG_ANALYZER_NUMBER_OBJECT_CONVERSION = YES_AGGRESSIVE;
				CLANG_CXX_LANGUAGE_STANDARD = "gnu++14";
				CLANG_CXX_LIBRARY = "libc++";
				CLANG_ENABLE_MODULES = YES;
				CLANG_ENABLE_OBJC_ARC = YES;
				CLANG_ENABLE_OBJC_WEAK = YES;
				CLANG_WARN_BLOCK_CAPTURE_AUTORELEASING = YES;
				CLANG_WARN_BOOL_CONVERSION = YES;
				CLANG_WARN_COMMA = YES;
				CLANG_WARN_CONSTANT_CONVERSION = YES;
				CLANG_WARN_DEPRECATED_OBJC_IMPLEMENTATIONS = YES;
				CLANG_WARN_DIRECT_OBJC_ISA_USAGE = YES_ERROR;
				CLANG_WARN_DOCUMENTATION_COMMENTS = YES;
				CLANG_WARN_EMPTY_BODY = YES;
				CLANG_WARN_ENUM_CONVERSION = YES;
				CLANG_WARN_INFINITE_RECURSION = YES;
				CLANG_WARN_INT_CONVERSION = YES;
				CLANG_WARN_NON_LITERAL_NULL_CONVERSION = YES;
				CLANG_WARN_OBJC_IMPLICIT_RETAIN_SELF = YES;
				CLANG_WARN_OBJC_LITERAL_CONVERSION = YES;
				CLANG_WARN_OBJC_ROOT_CLASS = YES_ERROR;
				CLANG_WARN_RANGE_LOOP_ANALYSIS = YES;
				CLANG_WARN_STRICT_PROTOTYPES = YES;
				CLANG_WARN_SUSPICIOUS_MOVE = YES;
				CLANG_WARN_UNGUARDED_AVAILABILITY = YES_AGGRESSIVE;
				CLANG_WARN_UNREACHABLE_CODE = YES;
				CLANG_WARN__DUPLICATE_METHOD_MATCH = YES;
				CODE_SIGN_IDENTITY = "iPhone Developer";
				COPY_PHASE_STRIP = NO;
				DEBUG_INFORMATION_FORMAT = "dwarf-with-dsym";
				ENABLE_NS_ASSERTIONS = NO;
				ENABLE_STRICT_OBJC_MSGSEND = YES;
				GCC_C_LANGUAGE_STANDARD = gnu11;
				GCC_NO_COMMON_BLOCKS = YES;
				GCC_WARN_64_TO_32_BIT_CONVERSION = YES;
				GCC_WARN_ABOUT_RETURN_TYPE = YES_ERROR;
				GCC_WARN_UNDECLARED_SELECTOR = YES;
				GCC_WARN_UNINITIALIZED_AUTOS = YES_AGGRESSIVE;
				GCC_WARN_UNUSED_FUNCTION = YES;
				GCC_WARN_UNUSED_VARIABLE = YES;
				IPHONEOS_DEPLOYMENT_TARGET = 12.1;
				MTL_ENABLE_DEBUG_INFO = NO;
				MTL_FAST_MATH = YES;
				SDKROOT = iphoneos;
				SWIFT_COMPILATION_MODE = wholemodule;
				SWIFT_OPTIMIZATION_LEVEL = "-O";
				VALIDATE_PRODUCT = YES;
			};
			name = Release;
		};
		33FD000A218A389D00419FB3 /* Debug */ = {
			isa = XCBuildConfiguration;
			buildSettings = {
				ASSETCATALOG_COMPILER_APPICON_NAME = AppIcon;
				CODE_SIGN_STYLE = Automatic;
				DEVELOPMENT_TEAM = Y799YUNDK5;
				FRAMEWORK_SEARCH_PATHS = (
					"$(inherited)",
					"$(PROJECT_DIR)/Carthage/Build/iOS",
				);
				INFOPLIST_FILE = Hotel/Info.plist;
				IPHONEOS_DEPLOYMENT_TARGET = 10.3;
				LD_RUNPATH_SEARCH_PATHS = (
					"$(inherited)",
					"@executable_path/Frameworks",
				);
				PRODUCT_BUNDLE_IDENTIFIER = com.wooba.Hotel;
				PRODUCT_NAME = "$(TARGET_NAME)";
				SWIFT_VERSION = 4.0;
				TARGETED_DEVICE_FAMILY = 1;
			};
			name = Debug;
		};
		33FD000B218A389D00419FB3 /* Release */ = {
			isa = XCBuildConfiguration;
			buildSettings = {
				ASSETCATALOG_COMPILER_APPICON_NAME = AppIcon;
				CODE_SIGN_STYLE = Automatic;
				DEVELOPMENT_TEAM = Y799YUNDK5;
				FRAMEWORK_SEARCH_PATHS = (
					"$(inherited)",
					"$(PROJECT_DIR)/Carthage/Build/iOS",
				);
				INFOPLIST_FILE = Hotel/Info.plist;
				IPHONEOS_DEPLOYMENT_TARGET = 10.3;
				LD_RUNPATH_SEARCH_PATHS = (
					"$(inherited)",
					"@executable_path/Frameworks",
				);
				PRODUCT_BUNDLE_IDENTIFIER = com.wooba.Hotel;
				PRODUCT_NAME = "$(TARGET_NAME)";
				SWIFT_VERSION = 4.0;
				TARGETED_DEVICE_FAMILY = 1;
			};
			name = Release;
		};
/* End XCBuildConfiguration section */

/* Begin XCConfigurationList section */
		33FD0009218A389D00419FB3 /* Build configuration list for PBXNativeTarget "Hotel" */ = {
			isa = XCConfigurationList;
			buildConfigurations = (
				33FD000A218A389D00419FB3 /* Debug */,
				33FD000B218A389D00419FB3 /* Release */,
			);
			defaultConfigurationIsVisible = 0;
			defaultConfigurationName = Release;
		};
		33FDFFF2218A389A00419FB3 /* Build configuration list for PBXProject "Hotel" */ = {
			isa = XCConfigurationList;
			buildConfigurations = (
				33FD0007218A389D00419FB3 /* Debug */,
				33FD0008218A389D00419FB3 /* Release */,
			);
			defaultConfigurationIsVisible = 0;
			defaultConfigurationName = Release;
		};
/* End XCConfigurationList section */
	};
	rootObject = 33FDFFEF218A389A00419FB3 /* Project object */;
}
